// !$*UTF8*$!
{
	archiveVersion = 1;
	classes = {
	};
	objectVersion = 55;
	objects = {

/* Begin PBXBuildFile section */
		F2FBD89028BD7A100027532B /* Tests_iOS.swift in Sources */ = {isa = PBXBuildFile; fileRef = F2FBD88F28BD7A100027532B /* Tests_iOS.swift */; };
		F2FBD89228BD7A100027532B /* Tests_iOSLaunchTests.swift in Sources */ = {isa = PBXBuildFile; fileRef = F2FBD89128BD7A100027532B /* Tests_iOSLaunchTests.swift */; };
		F2FBD89C28BD7A100027532B /* Tests_macOS.swift in Sources */ = {isa = PBXBuildFile; fileRef = F2FBD89B28BD7A100027532B /* Tests_macOS.swift */; };
		F2FBD89E28BD7A100027532B /* Tests_macOSLaunchTests.swift in Sources */ = {isa = PBXBuildFile; fileRef = F2FBD89D28BD7A100027532B /* Tests_macOSLaunchTests.swift */; };
		F2FBD89F28BD7A100027532B /* Primeiro_project_iOSApp.swift in Sources */ = {isa = PBXBuildFile; fileRef = F2FBD87728BD7A0D0027532B /* Primeiro_project_iOSApp.swift */; };
		F2FBD8A028BD7A100027532B /* Primeiro_project_iOSApp.swift in Sources */ = {isa = PBXBuildFile; fileRef = F2FBD87728BD7A0D0027532B /* Primeiro_project_iOSApp.swift */; };
		F2FBD8A128BD7A100027532B /* ContentView.swift in Sources */ = {isa = PBXBuildFile; fileRef = F2FBD87828BD7A0D0027532B /* ContentView.swift */; };
		F2FBD8A228BD7A100027532B /* ContentView.swift in Sources */ = {isa = PBXBuildFile; fileRef = F2FBD87828BD7A0D0027532B /* ContentView.swift */; };
		F2FBD8A328BD7A100027532B /* Assets.xcassets in Resources */ = {isa = PBXBuildFile; fileRef = F2FBD87928BD7A100027532B /* Assets.xcassets */; };
		F2FBD8A428BD7A100027532B /* Assets.xcassets in Resources */ = {isa = PBXBuildFile; fileRef = F2FBD87928BD7A100027532B /* Assets.xcassets */; };
/* End PBXBuildFile section */

/* Begin PBXContainerItemProxy section */
		F2FBD88C28BD7A100027532B /* PBXContainerItemProxy */ = {
			isa = PBXContainerItemProxy;
			containerPortal = F2FBD87228BD7A0D0027532B /* Project object */;
			proxyType = 1;
			remoteGlobalIDString = F2FBD87D28BD7A100027532B;
			remoteInfo = "Primeiro project iOS (iOS)";
		};
		F2FBD89828BD7A100027532B /* PBXContainerItemProxy */ = {
			isa = PBXContainerItemProxy;
			containerPortal = F2FBD87228BD7A0D0027532B /* Project object */;
			proxyType = 1;
			remoteGlobalIDString = F2FBD88328BD7A100027532B;
			remoteInfo = "Primeiro project iOS (macOS)";
		};
/* End PBXContainerItemProxy section */

/* Begin PBXFileReference section */
		F2FBD87728BD7A0D0027532B /* Primeiro_project_iOSApp.swift */ = {isa = PBXFileReference; lastKnownFileType = sourcecode.swift; path = Primeiro_project_iOSApp.swift; sourceTree = "<group>"; };
		F2FBD87828BD7A0D0027532B /* ContentView.swift */ = {isa = PBXFileReference; lastKnownFileType = sourcecode.swift; path = ContentView.swift; sourceTree = "<group>"; };
		F2FBD87928BD7A100027532B /* Assets.xcassets */ = {isa = PBXFileReference; lastKnownFileType = folder.assetcatalog; path = Assets.xcassets; sourceTree = "<group>"; };
		F2FBD87E28BD7A100027532B /* Primeiro project iOS.app */ = {isa = PBXFileReference; explicitFileType = wrapper.application; includeInIndex = 0; path = "Primeiro project iOS.app"; sourceTree = BUILT_PRODUCTS_DIR; };
		F2FBD88428BD7A100027532B /* Primeiro project iOS.app */ = {isa = PBXFileReference; explicitFileType = wrapper.application; includeInIndex = 0; path = "Primeiro project iOS.app"; sourceTree = BUILT_PRODUCTS_DIR; };
		F2FBD88628BD7A100027532B /* macOS.entitlements */ = {isa = PBXFileReference; lastKnownFileType = text.plist.entitlements; path = macOS.entitlements; sourceTree = "<group>"; };
		F2FBD88B28BD7A100027532B /* Tests iOS.xctest */ = {isa = PBXFileReference; explicitFileType = wrapper.cfbundle; includeInIndex = 0; path = "Tests iOS.xctest"; sourceTree = BUILT_PRODUCTS_DIR; };
		F2FBD88F28BD7A100027532B /* Tests_iOS.swift */ = {isa = PBXFileReference; lastKnownFileType = sourcecode.swift; path = Tests_iOS.swift; sourceTree = "<group>"; };
		F2FBD89128BD7A100027532B /* Tests_iOSLaunchTests.swift */ = {isa = PBXFileReference; lastKnownFileType = sourcecode.swift; path = Tests_iOSLaunchTests.swift; sourceTree = "<group>"; };
		F2FBD89728BD7A100027532B /* Tests macOS.xctest */ = {isa = PBXFileReference; explicitFileType = wrapper.cfbundle; includeInIndex = 0; path = "Tests macOS.xctest"; sourceTree = BUILT_PRODUCTS_DIR; };
		F2FBD89B28BD7A100027532B /* Tests_macOS.swift */ = {isa = PBXFileReference; lastKnownFileType = sourcecode.swift; path = Tests_macOS.swift; sourceTree = "<group>"; };
		F2FBD89D28BD7A100027532B /* Tests_macOSLaunchTests.swift */ = {isa = PBXFileReference; lastKnownFileType = sourcecode.swift; path = Tests_macOSLaunchTests.swift; sourceTree = "<group>"; };
/* End PBXFileReference section */

/* Begin PBXFrameworksBuildPhase section */
		F2FBD87B28BD7A100027532B /* Frameworks */ = {
			isa = PBXFrameworksBuildPhase;
			buildActionMask = 2147483647;
			files = (
			);
			runOnlyForDeploymentPostprocessing = 0;
		};
		F2FBD88128BD7A100027532B /* Frameworks */ = {
			isa = PBXFrameworksBuildPhase;
			buildActionMask = 2147483647;
			files = (
			);
			runOnlyForDeploymentPostprocessing = 0;
		};
		F2FBD88828BD7A100027532B /* Frameworks */ = {
			isa = PBXFrameworksBuildPhase;
			buildActionMask = 2147483647;
			files = (
			);
			runOnlyForDeploymentPostprocessing = 0;
		};
		F2FBD89428BD7A100027532B /* Frameworks */ = {
			isa = PBXFrameworksBuildPhase;
			buildActionMask = 2147483647;
			files = (
			);
			runOnlyForDeploymentPostprocessing = 0;
		};
/* End PBXFrameworksBuildPhase section */

/* Begin PBXGroup section */
		F2FBD87128BD7A0D0027532B = {
			isa = PBXGroup;
			children = (
				F2FBD87628BD7A0D0027532B /* Shared */,
				F2FBD88528BD7A100027532B /* macOS */,
				F2FBD88E28BD7A100027532B /* Tests iOS */,
				F2FBD89A28BD7A100027532B /* Tests macOS */,
				F2FBD87F28BD7A100027532B /* Products */,
			);
			sourceTree = "<group>";
		};
		F2FBD87628BD7A0D0027532B /* Shared */ = {
			isa = PBXGroup;
			children = (
				F2FBD87728BD7A0D0027532B /* Primeiro_project_iOSApp.swift */,
				F2FBD87828BD7A0D0027532B /* ContentView.swift */,
				F2FBD87928BD7A100027532B /* Assets.xcassets */,
			);
			path = Shared;
			sourceTree = "<group>";
		};
		F2FBD87F28BD7A100027532B /* Products */ = {
			isa = PBXGroup;
			children = (
				F2FBD87E28BD7A100027532B /* Primeiro project iOS.app */,
				F2FBD88428BD7A100027532B /* Primeiro project iOS.app */,
				F2FBD88B28BD7A100027532B /* Tests iOS.xctest */,
				F2FBD89728BD7A100027532B /* Tests macOS.xctest */,
			);
			name = Products;
			sourceTree = "<group>";
		};
		F2FBD88528BD7A100027532B /* macOS */ = {
			isa = PBXGroup;
			children = (
				F2FBD88628BD7A100027532B /* macOS.entitlements */,
			);
			path = macOS;
			sourceTree = "<group>";
		};
		F2FBD88E28BD7A100027532B /* Tests iOS */ = {
			isa = PBXGroup;
			children = (
				F2FBD88F28BD7A100027532B /* Tests_iOS.swift */,
				F2FBD89128BD7A100027532B /* Tests_iOSLaunchTests.swift */,
			);
			path = "Tests iOS";
			sourceTree = "<group>";
		};
		F2FBD89A28BD7A100027532B /* Tests macOS */ = {
			isa = PBXGroup;
			children = (
				F2FBD89B28BD7A100027532B /* Tests_macOS.swift */,
				F2FBD89D28BD7A100027532B /* Tests_macOSLaunchTests.swift */,
			);
			path = "Tests macOS";
			sourceTree = "<group>";
		};
/* End PBXGroup section */

/* Begin PBXNativeTarget section */
		F2FBD87D28BD7A100027532B /* Primeiro project iOS (iOS) */ = {
			isa = PBXNativeTarget;
			buildConfigurationList = F2FBD8A728BD7A100027532B /* Build configuration list for PBXNativeTarget "Primeiro project iOS (iOS)" */;
			buildPhases = (
				F2FBD87A28BD7A100027532B /* Sources */,
				F2FBD87B28BD7A100027532B /* Frameworks */,
				F2FBD87C28BD7A100027532B /* Resources */,
			);
			buildRules = (
			);
			dependencies = (
			);
			name = "Primeiro project iOS (iOS)";
			productName = "Primeiro project iOS (iOS)";
			productReference = F2FBD87E28BD7A100027532B /* Primeiro project iOS.app */;
			productType = "com.apple.product-type.application";
		};
		F2FBD88328BD7A100027532B /* Primeiro project iOS (macOS) */ = {
			isa = PBXNativeTarget;
			buildConfigurationList = F2FBD8AA28BD7A100027532B /* Build configuration list for PBXNativeTarget "Primeiro project iOS (macOS)" */;
			buildPhases = (
				F2FBD88028BD7A100027532B /* Sources */,
				F2FBD88128BD7A100027532B /* Frameworks */,
				F2FBD88228BD7A100027532B /* Resources */,
			);
			buildRules = (
			);
			dependencies = (
			);
			name = "Primeiro project iOS (macOS)";
			productName = "Primeiro project iOS (macOS)";
			productReference = F2FBD88428BD7A100027532B /* Primeiro project iOS.app */;
			productType = "com.apple.product-type.application";
		};
		F2FBD88A28BD7A100027532B /* Tests iOS */ = {
			isa = PBXNativeTarget;
			buildConfigurationList = F2FBD8AD28BD7A100027532B /* Build configuration list for PBXNativeTarget "Tests iOS" */;
			buildPhases = (
				F2FBD88728BD7A100027532B /* Sources */,
				F2FBD88828BD7A100027532B /* Frameworks */,
				F2FBD88928BD7A100027532B /* Resources */,
			);
			buildRules = (
			);
			dependencies = (
				F2FBD88D28BD7A100027532B /* PBXTargetDependency */,
			);
			name = "Tests iOS";
			productName = "Tests iOS";
			productReference = F2FBD88B28BD7A100027532B /* Tests iOS.xctest */;
			productType = "com.apple.product-type.bundle.ui-testing";
		};
		F2FBD89628BD7A100027532B /* Tests macOS */ = {
			isa = PBXNativeTarget;
			buildConfigurationList = F2FBD8B028BD7A100027532B /* Build configuration list for PBXNativeTarget "Tests macOS" */;
			buildPhases = (
				F2FBD89328BD7A100027532B /* Sources */,
				F2FBD89428BD7A100027532B /* Frameworks */,
				F2FBD89528BD7A100027532B /* Resources */,
			);
			buildRules = (
			);
			dependencies = (
				F2FBD89928BD7A100027532B /* PBXTargetDependency */,
			);
			name = "Tests macOS";
			productName = "Tests macOS";
			productReference = F2FBD89728BD7A100027532B /* Tests macOS.xctest */;
			productType = "com.apple.product-type.bundle.ui-testing";
		};
/* End PBXNativeTarget section */

/* Begin PBXProject section */
		F2FBD87228BD7A0D0027532B /* Project object */ = {
			isa = PBXProject;
			attributes = {
				BuildIndependentTargetsInParallel = 1;
				LastSwiftUpdateCheck = 1340;
				LastUpgradeCheck = 1340;
				TargetAttributes = {
					F2FBD87D28BD7A100027532B = {
						CreatedOnToolsVersion = 13.4.1;
					};
					F2FBD88328BD7A100027532B = {
						CreatedOnToolsVersion = 13.4.1;
					};
					F2FBD88A28BD7A100027532B = {
						CreatedOnToolsVersion = 13.4.1;
						TestTargetID = F2FBD87D28BD7A100027532B;
					};
					F2FBD89628BD7A100027532B = {
						CreatedOnToolsVersion = 13.4.1;
						TestTargetID = F2FBD88328BD7A100027532B;
					};
				};
			};
			buildConfigurationList = F2FBD87528BD7A0D0027532B /* Build configuration list for PBXProject "Primeiro project iOS" */;
			compatibilityVersion = "Xcode 13.0";
			developmentRegion = en;
			hasScannedForEncodings = 0;
			knownRegions = (
				en,
				Base,
			);
			mainGroup = F2FBD87128BD7A0D0027532B;
			productRefGroup = F2FBD87F28BD7A100027532B /* Products */;
			projectDirPath = "";
			projectRoot = "";
			targets = (
				F2FBD87D28BD7A100027532B /* Primeiro project iOS (iOS) */,
				F2FBD88328BD7A100027532B /* Primeiro project iOS (macOS) */,
				F2FBD88A28BD7A100027532B /* Tests iOS */,
				F2FBD89628BD7A100027532B /* Tests macOS */,
			);
		};
/* End PBXProject section */

/* Begin PBXResourcesBuildPhase section */
		F2FBD87C28BD7A100027532B /* Resources */ = {
			isa = PBXResourcesBuildPhase;
			buildActionMask = 2147483647;
			files = (
				F2FBD8A328BD7A100027532B /* Assets.xcassets in Resources */,
			);
			runOnlyForDeploymentPostprocessing = 0;
		};
		F2FBD88228BD7A100027532B /* Resources */ = {
			isa = PBXResourcesBuildPhase;
			buildActionMask = 2147483647;
			files = (
				F2FBD8A428BD7A100027532B /* Assets.xcassets in Resources */,
			);
			runOnlyForDeploymentPostprocessing = 0;
		};
		F2FBD88928BD7A100027532B /* Resources */ = {
			isa = PBXResourcesBuildPhase;
			buildActionMask = 2147483647;
			files = (
			);
			runOnlyForDeploymentPostprocessing = 0;
		};
		F2FBD89528BD7A100027532B /* Resources */ = {
			isa = PBXResourcesBuildPhase;
			buildActionMask = 2147483647;
			files = (
			);
			runOnlyForDeploymentPostprocessing = 0;
		};
/* End PBXResourcesBuildPhase section */

/* Begin PBXSourcesBuildPhase section */
		F2FBD87A28BD7A100027532B /* Sources */ = {
			isa = PBXSourcesBuildPhase;
			buildActionMask = 2147483647;
			files = (
				F2FBD8A128BD7A100027532B /* ContentView.swift in Sources */,
				F2FBD89F28BD7A100027532B /* Primeiro_project_iOSApp.swift in Sources */,
			);
			runOnlyForDeploymentPostprocessing = 0;
		};
		F2FBD88028BD7A100027532B /* Sources */ = {
			isa = PBXSourcesBuildPhase;
			buildActionMask = 2147483647;
			files = (
				F2FBD8A228BD7A100027532B /* ContentView.swift in Sources */,
				F2FBD8A028BD7A100027532B /* Primeiro_project_iOSApp.swift in Sources */,
			);
			runOnlyForDeploymentPostprocessing = 0;
		};
		F2FBD88728BD7A100027532B /* Sources */ = {
			isa = PBXSourcesBuildPhase;
			buildActionMask = 2147483647;
			files = (
				F2FBD89228BD7A100027532B /* Tests_iOSLaunchTests.swift in Sources */,
				F2FBD89028BD7A100027532B /* Tests_iOS.swift in Sources */,
			);
			runOnlyForDeploymentPostprocessing = 0;
		};
		F2FBD89328BD7A100027532B /* Sources */ = {
			isa = PBXSourcesBuildPhase;
			buildActionMask = 2147483647;
			files = (
				F2FBD89E28BD7A100027532B /* Tests_macOSLaunchTests.swift in Sources */,
				F2FBD89C28BD7A100027532B /* Tests_macOS.swift in Sources */,
			);
			runOnlyForDeploymentPostprocessing = 0;
		};
/* End PBXSourcesBuildPhase section */

/* Begin PBXTargetDependency section */
		F2FBD88D28BD7A100027532B /* PBXTargetDependency */ = {
			isa = PBXTargetDependency;
			target = F2FBD87D28BD7A100027532B /* Primeiro project iOS (iOS) */;
			targetProxy = F2FBD88C28BD7A100027532B /* PBXContainerItemProxy */;
		};
		F2FBD89928BD7A100027532B /* PBXTargetDependency */ = {
			isa = PBXTargetDependency;
			target = F2FBD88328BD7A100027532B /* Primeiro project iOS (macOS) */;
			targetProxy = F2FBD89828BD7A100027532B /* PBXContainerItemProxy */;
		};
/* End PBXTargetDependency section */

/* Begin XCBuildConfiguration section */
		F2FBD8A528BD7A100027532B /* Debug */ = {
			isa = XCBuildConfiguration;
			buildSettings = {
				ALWAYS_SEARCH_USER_PATHS = NO;
				CLANG_ANALYZER_NONNULL = YES;
				CLANG_ANALYZER_NUMBER_OBJECT_CONVERSION = YES_AGGRESSIVE;
				CLANG_CXX_LANGUAGE_STANDARD = "gnu++17";
				CLANG_ENABLE_MODULES = YES;
				CLANG_ENABLE_OBJC_ARC = YES;
				CLANG_ENABLE_OBJC_WEAK = YES;
				CLANG_WARN_BLOCK_CAPTURE_AUTORELEASING = YES;
				CLANG_WARN_BOOL_CONVERSION = YES;
				CLANG_WARN_COMMA = YES;
				CLANG_WARN_CONSTANT_CONVERSION = YES;
				CLANG_WARN_DEPRECATED_OBJC_IMPLEMENTATIONS = YES;
				CLANG_WARN_DIRECT_OBJC_ISA_USAGE = YES_ERROR;
				CLANG_WARN_DOCUMENTATION_COMMENTS = YES;
				CLANG_WARN_EMPTY_BODY = YES;
				CLANG_WARN_ENUM_CONVERSION = YES;
				CLANG_WARN_INFINITE_RECURSION = YES;
				CLANG_WARN_INT_CONVERSION = YES;
				CLANG_WARN_NON_LITERAL_NULL_CONVERSION = YES;
				CLANG_WARN_OBJC_IMPLICIT_RETAIN_SELF = YES;
				CLANG_WARN_OBJC_LITERAL_CONVERSION = YES;
				CLANG_WARN_OBJC_ROOT_CLASS = YES_ERROR;
				CLANG_WARN_QUOTED_INCLUDE_IN_FRAMEWORK_HEADER = YES;
				CLANG_WARN_RANGE_LOOP_ANALYSIS = YES;
				CLANG_WARN_STRICT_PROTOTYPES = YES;
				CLANG_WARN_SUSPICIOUS_MOVE = YES;
				CLANG_WARN_UNGUARDED_AVAILABILITY = YES_AGGRESSIVE;
				CLANG_WARN_UNREACHABLE_CODE = YES;
				CLANG_WARN__DUPLICATE_METHOD_MATCH = YES;
				COPY_PHASE_STRIP = NO;
				DEBUG_INFORMATION_FORMAT = dwarf;
				ENABLE_STRICT_OBJC_MSGSEND = YES;
				ENABLE_TESTABILITY = YES;
				GCC_C_LANGUAGE_STANDARD = gnu11;
				GCC_DYNAMIC_NO_PIC = NO;
				GCC_NO_COMMON_BLOCKS = YES;
				GCC_OPTIMIZATION_LEVEL = 0;
				GCC_PREPROCESSOR_DEFINITIONS = (
					"DEBUG=1",
					"$(inherited)",
				);
				GCC_WARN_64_TO_32_BIT_CONVERSION = YES;
				GCC_WARN_ABOUT_RETURN_TYPE = YES_ERROR;
				GCC_WARN_UNDECLARED_SELECTOR = YES;
				GCC_WARN_UNINITIALIZED_AUTOS = YES_AGGRESSIVE;
				GCC_WARN_UNUSED_FUNCTION = YES;
				GCC_WARN_UNUSED_VARIABLE = YES;
				MTL_ENABLE_DEBUG_INFO = INCLUDE_SOURCE;
				MTL_FAST_MATH = YES;
				ONLY_ACTIVE_ARCH = YES;
				SWIFT_ACTIVE_COMPILATION_CONDITIONS = DEBUG;
				SWIFT_OPTIMIZATION_LEVEL = "-Onone";
			};
			name = Debug;
		};
		F2FBD8A628BD7A100027532B /* Release */ = {
			isa = XCBuildConfiguration;
			buildSettings = {
				ALWAYS_SEARCH_USER_PATHS = NO;
				CLANG_ANALYZER_NONNULL = YES;
				CLANG_ANALYZER_NUMBER_OBJECT_CONVERSION = YES_AGGRESSIVE;
				CLANG_CXX_LANGUAGE_STANDARD = "gnu++17";
				CLANG_ENABLE_MODULES = YES;
				CLANG_ENABLE_OBJC_ARC = YES;
				CLANG_ENABLE_OBJC_WEAK = YES;
				CLANG_WARN_BLOCK_CAPTURE_AUTORELEASING = YES;
				CLANG_WARN_BOOL_CONVERSION = YES;
				CLANG_WARN_COMMA = YES;
				CLANG_WARN_CONSTANT_CONVERSION = YES;
				CLANG_WARN_DEPRECATED_OBJC_IMPLEMENTATIONS = YES;
				CLANG_WARN_DIRECT_OBJC_ISA_USAGE = YES_ERROR;
				CLANG_WARN_DOCUMENTATION_COMMENTS = YES;
				CLANG_WARN_EMPTY_BODY = YES;
				CLANG_WARN_ENUM_CONVERSION = YES;
				CLANG_WARN_INFINITE_RECURSION = YES;
				CLANG_WARN_INT_CONVERSION = YES;
				CLANG_WARN_NON_LITERAL_NULL_CONVERSION = YES;
				CLANG_WARN_OBJC_IMPLICIT_RETAIN_SELF = YES;
				CLANG_WARN_OBJC_LITERAL_CONVERSION = YES;
				CLANG_WARN_OBJC_ROOT_CLASS = YES_ERROR;
				CLANG_WARN_QUOTED_INCLUDE_IN_FRAMEWORK_HEADER = YES;
				CLANG_WARN_RANGE_LOOP_ANALYSIS = YES;
				CLANG_WARN_STRICT_PROTOTYPES = YES;
				CLANG_WARN_SUSPICIOUS_MOVE = YES;
				CLANG_WARN_UNGUARDED_AVAILABILITY = YES_AGGRESSIVE;
				CLANG_WARN_UNREACHABLE_CODE = YES;
				CLANG_WARN__DUPLICATE_METHOD_MATCH = YES;
				COPY_PHASE_STRIP = NO;
				DEBUG_INFORMATION_FORMAT = "dwarf-with-dsym";
				ENABLE_NS_ASSERTIONS = NO;
				ENABLE_STRICT_OBJC_MSGSEND = YES;
				GCC_C_LANGUAGE_STANDARD = gnu11;
				GCC_NO_COMMON_BLOCKS = YES;
				GCC_WARN_64_TO_32_BIT_CONVERSION = YES;
				GCC_WARN_ABOUT_RETURN_TYPE = YES_ERROR;
				GCC_WARN_UNDECLARED_SELECTOR = YES;
				GCC_WARN_UNINITIALIZED_AUTOS = YES_AGGRESSIVE;
				GCC_WARN_UNUSED_FUNCTION = YES;
				GCC_WARN_UNUSED_VARIABLE = YES;
				MTL_ENABLE_DEBUG_INFO = NO;
				MTL_FAST_MATH = YES;
				SWIFT_COMPILATION_MODE = wholemodule;
				SWIFT_OPTIMIZATION_LEVEL = "-O";
			};
			name = Release;
		};
		F2FBD8A828BD7A100027532B /* Debug */ = {
			isa = XCBuildConfiguration;
			buildSettings = {
				ASSETCATALOG_COMPILER_APPICON_NAME = AppIcon;
				ASSETCATALOG_COMPILER_GLOBAL_ACCENT_COLOR_NAME = AccentColor;
				CODE_SIGN_STYLE = Automatic;
				CURRENT_PROJECT_VERSION = 1;
				DEVELOPMENT_TEAM = 45B8624KT2;
				ENABLE_PREVIEWS = YES;
				GENERATE_INFOPLIST_FILE = YES;
				INFOPLIST_KEY_UIApplicationSceneManifest_Generation = YES;
				INFOPLIST_KEY_UIApplicationSupportsIndirectInputEvents = YES;
				INFOPLIST_KEY_UILaunchScreen_Generation = YES;
				INFOPLIST_KEY_UISupportedInterfaceOrientations_iPad = "UIInterfaceOrientationPortrait UIInterfaceOrientationPortraitUpsideDown UIInterfaceOrientationLandscapeLeft UIInterfaceOrientationLandscapeRight";
				INFOPLIST_KEY_UISupportedInterfaceOrientations_iPhone = "UIInterfaceOrientationPortrait UIInterfaceOrientationLandscapeLeft UIInterfaceOrientationLandscapeRight";
				IPHONEOS_DEPLOYMENT_TARGET = 15.5;
				LD_RUNPATH_SEARCH_PATHS = (
					"$(inherited)",
					"@executable_path/Frameworks",
				);
				MARKETING_VERSION = 1.0;
				PRODUCT_BUNDLE_IDENTIFIER = "NickFlorencioDev.Primeiro-project-iOS";
				PRODUCT_NAME = "Primeiro project iOS";
				SDKROOT = iphoneos;
				SWIFT_EMIT_LOC_STRINGS = YES;
				SWIFT_VERSION = 5.0;
				TARGETED_DEVICE_FAMILY = "1,2";
			};
			name = Debug;
		};
		F2FBD8A928BD7A100027532B /* Release */ = {
			isa = XCBuildConfiguration;
			buildSettings = {
				ASSETCATALOG_COMPILER_APPICON_NAME = AppIcon;
				ASSETCATALOG_COMPILER_GLOBAL_ACCENT_COLOR_NAME = AccentColor;
				CODE_SIGN_STYLE = Automatic;
				CURRENT_PROJECT_VERSION = 1;
				DEVELOPMENT_TEAM = 45B8624KT2;
				ENABLE_PREVIEWS = YES;
				GENERATE_INFOPLIST_FILE = YES;
				INFOPLIST_KEY_UIApplicationSceneManifest_Generation = YES;
				INFOPLIST_KEY_UIApplicationSupportsIndirectInputEvents = YES;
				INFOPLIST_KEY_UILaunchScreen_Generation = YES;
				INFOPLIST_KEY_UISupportedInterfaceOrientations_iPad = "UIInterfaceOrientationPortrait UIInterfaceOrientationPortraitUpsideDown UIInterfaceOrientationLandscapeLeft UIInterfaceOrientationLandscapeRight";
				INFOPLIST_KEY_UISupportedInterfaceOrientations_iPhone = "UIInterfaceOrientationPortrait UIInterfaceOrientationLandscapeLeft UIInterfaceOrientationLandscapeRight";
				IPHONEOS_DEPLOYMENT_TARGET = 15.5;
				LD_RUNPATH_SEARCH_PATHS = (
					"$(inherited)",
					"@executable_path/Frameworks",
				);
				MARKETING_VERSION = 1.0;
				PRODUCT_BUNDLE_IDENTIFIER = "NickFlorencioDev.Primeiro-project-iOS";
				PRODUCT_NAME = "Primeiro project iOS";
				SDKROOT = iphoneos;
				SWIFT_EMIT_LOC_STRINGS = YES;
				SWIFT_VERSION = 5.0;
				TARGETED_DEVICE_FAMILY = "1,2";
				VALIDATE_PRODUCT = YES;
			};
			name = Release;
		};
		F2FBD8AB28BD7A100027532B /* Debug */ = {
			isa = XCBuildConfiguration;
			buildSettings = {
				ASSETCATALOG_COMPILER_APPICON_NAME = AppIcon;
				ASSETCATALOG_COMPILER_GLOBAL_ACCENT_COLOR_NAME = AccentColor;
				CODE_SIGN_ENTITLEMENTS = macOS/macOS.entitlements;
				CODE_SIGN_STYLE = Automatic;
				COMBINE_HIDPI_IMAGES = YES;
				CURRENT_PROJECT_VERSION = 1;
				DEVELOPMENT_TEAM = 45B8624KT2;
				ENABLE_HARDENED_RUNTIME = YES;
				ENABLE_PREVIEWS = YES;
				GENERATE_INFOPLIST_FILE = YES;
				INFOPLIST_KEY_NSHumanReadableCopyright = "";
				LD_RUNPATH_SEARCH_PATHS = (
					"$(inherited)",
					"@executable_path/../Frameworks",
				);
				MACOSX_DEPLOYMENT_TARGET = 12.2;
				MARKETING_VERSION = 1.0;
				PRODUCT_BUNDLE_IDENTIFIER = "NickFlorencioDev.Primeiro-project-iOS";
				PRODUCT_NAME = "Primeiro project iOS";
				SDKROOT = macosx;
				SWIFT_EMIT_LOC_STRINGS = YES;
				SWIFT_VERSION = 5.0;
			};
			name = Debug;
		};
		F2FBD8AC28BD7A100027532B /* Release */ = {
			isa = XCBuildConfiguration;
			buildSettings = {
				ASSETCATALOG_COMPILER_APPICON_NAME = AppIcon;
				ASSETCATALOG_COMPILER_GLOBAL_ACCENT_COLOR_NAME = AccentColor;
				CODE_SIGN_ENTITLEMENTS = macOS/macOS.entitlements;
				CODE_SIGN_STYLE = Automatic;
				COMBINE_HIDPI_IMAGES = YES;
				CURRENT_PROJECT_VERSION = 1;
				DEVELOPMENT_TEAM = 45B8624KT2;
				ENABLE_HARDENED_RUNTIME = YES;
				ENABLE_PREVIEWS = YES;
				GENERATE_INFOPLIST_FILE = YES;
				INFOPLIST_KEY_NSHumanReadableCopyright = "";
				LD_RUNPATH_SEARCH_PATHS = (
					"$(inherited)",
					"@executable_path/../Frameworks",
				);
				MACOSX_DEPLOYMENT_TARGET = 12.2;
				MARKETING_VERSION = 1.0;
				PRODUCT_BUNDLE_IDENTIFIER = "NickFlorencioDev.Primeiro-project-iOS";
				PRODUCT_NAME = "Primeiro project iOS";
				SDKROOT = macosx;
				SWIFT_EMIT_LOC_STRINGS = YES;
				SWIFT_VERSION = 5.0;
			};
			name = Release;
		};
		F2FBD8AE28BD7A100027532B /* Debug */ = {
			isa = XCBuildConfiguration;
			buildSettings = {
				ALWAYS_EMBED_SWIFT_STANDARD_LIBRARIES = YES;
				CODE_SIGN_STYLE = Automatic;
				CURRENT_PROJECT_VERSION = 1;
				DEVELOPMENT_TEAM = 45B8624KT2;
				GENERATE_INFOPLIST_FILE = YES;
				IPHONEOS_DEPLOYMENT_TARGET = 15.5;
				MARKETING_VERSION = 1.0;
				PRODUCT_BUNDLE_IDENTIFIER = "NickFlorencioDev.Tests-iOS";
				PRODUCT_NAME = "$(TARGET_NAME)";
				SDKROOT = iphoneos;
				SWIFT_EMIT_LOC_STRINGS = NO;
				SWIFT_VERSION = 5.0;
				TARGETED_DEVICE_FAMILY = "1,2";
				TEST_TARGET_NAME = "Primeiro project iOS (iOS)";
			};
			name = Debug;
		};
		F2FBD8AF28BD7A100027532B /* Release */ = {
			isa = XCBuildConfiguration;
			buildSettings = {
				ALWAYS_EMBED_SWIFT_STANDARD_LIBRARIES = YES;
				CODE_SIGN_STYLE = Automatic;
				CURRENT_PROJECT_VERSION = 1;
				DEVELOPMENT_TEAM = 45B8624KT2;
				GENERATE_INFOPLIST_FILE = YES;
				IPHONEOS_DEPLOYMENT_TARGET = 15.5;
				MARKETING_VERSION = 1.0;
				PRODUCT_BUNDLE_IDENTIFIER = "NickFlorencioDev.Tests-iOS";
				PRODUCT_NAME = "$(TARGET_NAME)";
				SDKROOT = iphoneos;
				SWIFT_EMIT_LOC_STRINGS = NO;
				SWIFT_VERSION = 5.0;
				TARGETED_DEVICE_FAMILY = "1,2";
				TEST_TARGET_NAME = "Primeiro project iOS (iOS)";
				VALIDATE_PRODUCT = YES;
			};
			name = Release;
		};
		F2FBD8B128BD7A100027532B /* Debug */ = {
			isa = XCBuildConfiguration;
			buildSettings = {
				ALWAYS_EMBED_SWIFT_STANDARD_LIBRARIES = YES;
				CODE_SIGN_STYLE = Automatic;
				CURRENT_PROJECT_VERSION = 1;
				DEVELOPMENT_TEAM = 45B8624KT2;
				GENERATE_INFOPLIST_FILE = YES;
				MACOSX_DEPLOYMENT_TARGET = 12.2;
				MARKETING_VERSION = 1.0;
				PRODUCT_BUNDLE_IDENTIFIER = "NickFlorencioDev.Tests-macOS";
				PRODUCT_NAME = "$(TARGET_NAME)";
				SDKROOT = macosx;
				SWIFT_EMIT_LOC_STRINGS = NO;
				SWIFT_VERSION = 5.0;
				TEST_TARGET_NAME = "Primeiro project iOS (macOS)";
			};
			name = Debug;
		};
		F2FBD8B228BD7A100027532B /* Release */ = {
			isa = XCBuildConfiguration;
			buildSettings = {
				ALWAYS_EMBED_SWIFT_STANDARD_LIBRARIES = YES;
				CODE_SIGN_STYLE = Automatic;
				CURRENT_PROJECT_VERSION = 1;
				DEVELOPMENT_TEAM = 45B8624KT2;
				GENERATE_INFOPLIST_FILE = YES;
				MACOSX_DEPLOYMENT_TARGET = 12.2;
				MARKETING_VERSION = 1.0;
				PRODUCT_BUNDLE_IDENTIFIER = "NickFlorencioDev.Tests-macOS";
				PRODUCT_NAME = "$(TARGET_NAME)";
				SDKROOT = macosx;
				SWIFT_EMIT_LOC_STRINGS = NO;
				SWIFT_VERSION = 5.0;
				TEST_TARGET_NAME = "Primeiro project iOS (macOS)";
			};
			name = Release;
		};
/* End XCBuildConfiguration section */

/* Begin XCConfigurationList section */
		F2FBD87528BD7A0D0027532B /* Build configuration list for PBXProject "Primeiro project iOS" */ = {
			isa = XCConfigurationList;
			buildConfigurations = (
				F2FBD8A528BD7A100027532B /* Debug */,
				F2FBD8A628BD7A100027532B /* Release */,
			);
			defaultConfigurationIsVisible = 0;
			defaultConfigurationName = Release;
		};
		F2FBD8A728BD7A100027532B /* Build configuration list for PBXNativeTarget "Primeiro project iOS (iOS)" */ = {
			isa = XCConfigurationList;
			buildConfigurations = (
				F2FBD8A828BD7A100027532B /* Debug */,
				F2FBD8A928BD7A100027532B /* Release */,
			);
			defaultConfigurationIsVisible = 0;
			defaultConfigurationName = Release;
		};
		F2FBD8AA28BD7A100027532B /* Build configuration list for PBXNativeTarget "Primeiro project iOS (macOS)" */ = {
			isa = XCConfigurationList;
			buildConfigurations = (
				F2FBD8AB28BD7A100027532B /* Debug */,
				F2FBD8AC28BD7A100027532B /* Release */,
			);
			defaultConfigurationIsVisible = 0;
			defaultConfigurationName = Release;
		};
		F2FBD8AD28BD7A100027532B /* Build configuration list for PBXNativeTarget "Tests iOS" */ = {
			isa = XCConfigurationList;
			buildConfigurations = (
				F2FBD8AE28BD7A100027532B /* Debug */,
				F2FBD8AF28BD7A100027532B /* Release */,
			);
			defaultConfigurationIsVisible = 0;
			defaultConfigurationName = Release;
		};
		F2FBD8B028BD7A100027532B /* Build configuration list for PBXNativeTarget "Tests macOS" */ = {
			isa = XCConfigurationList;
			buildConfigurations = (
				F2FBD8B128BD7A100027532B /* Debug */,
				F2FBD8B228BD7A100027532B /* Release */,
			);
			defaultConfigurationIsVisible = 0;
			defaultConfigurationName = Release;
		};
/* End XCConfigurationList section */
	};
	rootObject = F2FBD87228BD7A0D0027532B /* Project object */;
}
